
Microsoft Visual Studio Solution File, Format Version 12.00
# Visual Studio Version 17
VisualStudioVersion = 17.6.33815.320
MinimumVisualStudioVersion = 10.0.40219.1
Project("{FAE04EC0-301F-11D3-BF4B-00C04F79EFBC}") = "MagicVilla_VillaAPI", "MagicVilla_VillaAPI\MagicVilla_VillaAPI.csproj", "{3FB84DAC-2815-4F89-BC91-098D5E1D82F0}"
EndProject
Global
	GlobalSection(SolutionConfigurationPlatforms) = preSolution
		Debug|Any CPU = Debug|Any CPU
		Release|Any CPU = Release|Any CPU
	EndGlobalSection
	GlobalSection(ProjectConfigurationPlatforms) = postSolution
		{3FB84DAC-2815-4F89-BC91-098D5E1D82F0}.Debug|Any CPU.ActiveCfg = Debug|Any CPU
		{3FB84DAC-2815-4F89-BC91-098D5E1D82F0}.Debug|Any CPU.Build.0 = Debug|Any CPU
		{3FB84DAC-2815-4F89-BC91-098D5E1D82F0}.Release|Any CPU.ActiveCfg = Release|Any CPU
		{3FB84DAC-2815-4F89-BC91-098D5E1D82F0}.Release|Any CPU.Build.0 = Release|Any CPU
	EndGlobalSection
	GlobalSection(SolutionProperties) = preSolution
		HideSolutionNode = FALSE
	EndGlobalSection
	GlobalSection(ExtensibilityGlobals) = postSolution
		SolutionGuid = {0606534A-54EC-45ED-9848-967CDA59E53F}
	EndGlobalSection
EndGlobal
